
Microsoft Visual Studio Solution File, Format Version 11.00
# Visual Studio 2010
Project("{FAE04EC0-301F-11D3-BF4B-00C04F79EFBC}") = "Assembly-CSharp", "Assembly-CSharp.csproj", "{9110C72D-60FF-C25A-0467-29106EAEEE26}"
EndProject
Project("{FAE04EC0-301F-11D3-BF4B-00C04F79EFBC}") = "Assembly-CSharp-Editor", "Assembly-CSharp-Editor.csproj", "{0D4B7FD0-99D8-CA82-1689-E1ECA7948108}"
EndProject
Global
	GlobalSection(SolutionConfigurationPlatforms) = preSolution
		Debug|Any CPU = Debug|Any CPU
		Release|Any CPU = Release|Any CPU
	EndGlobalSection
	GlobalSection(ProjectConfigurationPlatforms) = postSolution
		{9110C72D-60FF-C25A-0467-29106EAEEE26}.Debug|Any CPU.ActiveCfg = Debug|Any CPU
		{9110C72D-60FF-C25A-0467-29106EAEEE26}.Debug|Any CPU.Build.0 = Debug|Any CPU
		{9110C72D-60FF-C25A-0467-29106EAEEE26}.Release|Any CPU.ActiveCfg = Release|Any CPU
		{9110C72D-60FF-C25A-0467-29106EAEEE26}.Release|Any CPU.Build.0 = Release|Any CPU
		{0D4B7FD0-99D8-CA82-1689-E1ECA7948108}.Debug|Any CPU.ActiveCfg = Debug|Any CPU
		{0D4B7FD0-99D8-CA82-1689-E1ECA7948108}.Debug|Any CPU.Build.0 = Debug|Any CPU
		{0D4B7FD0-99D8-CA82-1689-E1ECA7948108}.Release|Any CPU.ActiveCfg = Release|Any CPU
		{0D4B7FD0-99D8-CA82-1689-E1ECA7948108}.Release|Any CPU.Build.0 = Release|Any CPU
	EndGlobalSection
	GlobalSection(SolutionProperties) = preSolution
		HideSolutionNode = FALSE
	EndGlobalSection
EndGlobal
